// !$*UTF8*$!
{
	archiveVersion = 1;
	classes = {
	};
	objectVersion = 55;
	objects = {

/* Begin PBXBuildFile section */
		5E06FCB227D4DCD000214BE3 /* PlaylistItemRow.swift in Sources */ = {isa = PBXBuildFile; fileRef = 5E06FCB127D4DCD000214BE3 /* PlaylistItemRow.swift */; };
		5E431BC227D50954005016D3 /* TrackPopover.swift in Sources */ = {isa = PBXBuildFile; fileRef = 5E431BC127D50954005016D3 /* TrackPopover.swift */; };
		5E431BC427D51EC9005016D3 /* PlayerViewModelProtocol.swift in Sources */ = {isa = PBXBuildFile; fileRef = 5E431BC327D51EC9005016D3 /* PlayerViewModelProtocol.swift */; };
		5E431BC827D521AA005016D3 /* FakePlayerViewModel.swift in Sources */ = {isa = PBXBuildFile; fileRef = 5E431BC727D521AA005016D3 /* FakePlayerViewModel.swift */; };
		5E431BCA27D52C2E005016D3 /* PlayerBar.swift in Sources */ = {isa = PBXBuildFile; fileRef = 5E431BC927D52C2E005016D3 /* PlayerBar.swift */; };
		5E431BCC27D52CE4005016D3 /* SongLibrary.swift in Sources */ = {isa = PBXBuildFile; fileRef = 5E431BCB27D52CE4005016D3 /* SongLibrary.swift */; };
		5E693B4C27D3C14C00EAA678 /* Player.swift in Sources */ = {isa = PBXBuildFile; fileRef = 5E693B4B27D3C14C00EAA678 /* Player.swift */; };
		5E693B4F27D3CDC000EAA678 /* PlayerViewModel.swift in Sources */ = {isa = PBXBuildFile; fileRef = 5E693B4E27D3CDC000EAA678 /* PlayerViewModel.swift */; };
		5E693B5327D3D10900EAA678 /* ProgressBar.swift in Sources */ = {isa = PBXBuildFile; fileRef = 5E693B5227D3D10900EAA678 /* ProgressBar.swift */; };
		5E693B5527D3D12E00EAA678 /* PlayButton.swift in Sources */ = {isa = PBXBuildFile; fileRef = 5E693B5427D3D12E00EAA678 /* PlayButton.swift */; };
		5E693B5A27D3F18900EAA678 /* BardEngine.swift in Sources */ = {isa = PBXBuildFile; fileRef = 5E693B5927D3F18900EAA678 /* BardEngine.swift */; };
		5E693B5E27D3F95000EAA678 /* BardController.swift in Sources */ = {isa = PBXBuildFile; fileRef = 5E693B5D27D3F95000EAA678 /* BardController.swift */; };
		5EA3895927D2663500C4C2D3 /* GarageBardApp.swift in Sources */ = {isa = PBXBuildFile; fileRef = 5EA3895827D2663500C4C2D3 /* GarageBardApp.swift */; };
		5EA3895B27D2663500C4C2D3 /* ContentView.swift in Sources */ = {isa = PBXBuildFile; fileRef = 5EA3895A27D2663500C4C2D3 /* ContentView.swift */; };
		5EA3895D27D2663600C4C2D3 /* Assets.xcassets in Resources */ = {isa = PBXBuildFile; fileRef = 5EA3895C27D2663600C4C2D3 /* Assets.xcassets */; };
		5EA3896027D2663600C4C2D3 /* Preview Assets.xcassets in Resources */ = {isa = PBXBuildFile; fileRef = 5EA3895F27D2663600C4C2D3 /* Preview Assets.xcassets */; };
		5EA3896B27D2663600C4C2D3 /* GarageBardTests.swift in Sources */ = {isa = PBXBuildFile; fileRef = 5EA3896A27D2663600C4C2D3 /* GarageBardTests.swift */; };
		5EA3897527D2663600C4C2D3 /* GarageBardUITests.swift in Sources */ = {isa = PBXBuildFile; fileRef = 5EA3897427D2663600C4C2D3 /* GarageBardUITests.swift */; };
		5EA3897727D2663600C4C2D3 /* GarageBardUITestsLaunchTests.swift in Sources */ = {isa = PBXBuildFile; fileRef = 5EA3897627D2663600C4C2D3 /* GarageBardUITestsLaunchTests.swift */; };
		5EE9E07327D31686006F70BD /* MidiParser.xcframework in Frameworks */ = {isa = PBXBuildFile; fileRef = 5EE9E07227D31686006F70BD /* MidiParser.xcframework */; };
		5EE9E07427D31686006F70BD /* MidiParser.xcframework in Embed Frameworks */ = {isa = PBXBuildFile; fileRef = 5EE9E07227D31686006F70BD /* MidiParser.xcframework */; settings = {ATTRIBUTES = (CodeSignOnCopy, RemoveHeadersOnCopy, ); }; };
		5EE9E07827D3778F006F70BD /* AudioKit in Frameworks */ = {isa = PBXBuildFile; productRef = 5EE9E07727D3778F006F70BD /* AudioKit */; };
		5EE9E07B27D3796B006F70BD /* AudioKitEX in Frameworks */ = {isa = PBXBuildFile; productRef = 5EE9E07A27D3796B006F70BD /* AudioKitEX */; };
		5EE9E07F27D3870B006F70BD /* DunneAudioKit in Frameworks */ = {isa = PBXBuildFile; productRef = 5EE9E07E27D3870B006F70BD /* DunneAudioKit */; };
		5EF3524827D6478C006E3A06 /* TimeFormatter.swift in Sources */ = {isa = PBXBuildFile; fileRef = 5EF3524727D6478C006E3A06 /* TimeFormatter.swift */; };
/* End PBXBuildFile section */

/* Begin PBXContainerItemProxy section */
		5EA3896727D2663600C4C2D3 /* PBXContainerItemProxy */ = {
			isa = PBXContainerItemProxy;
			containerPortal = 5EA3894D27D2663500C4C2D3 /* Project object */;
			proxyType = 1;
			remoteGlobalIDString = 5EA3895427D2663500C4C2D3;
			remoteInfo = GarageBard;
		};
		5EA3897127D2663600C4C2D3 /* PBXContainerItemProxy */ = {
			isa = PBXContainerItemProxy;
			containerPortal = 5EA3894D27D2663500C4C2D3 /* Project object */;
			proxyType = 1;
			remoteGlobalIDString = 5EA3895427D2663500C4C2D3;
			remoteInfo = GarageBard;
		};
/* End PBXContainerItemProxy section */

/* Begin PBXCopyFilesBuildPhase section */
		5EE9E07527D31686006F70BD /* Embed Frameworks */ = {
			isa = PBXCopyFilesBuildPhase;
			buildActionMask = 2147483647;
			dstPath = "";
			dstSubfolderSpec = 10;
			files = (
				5EE9E07427D31686006F70BD /* MidiParser.xcframework in Embed Frameworks */,
			);
			name = "Embed Frameworks";
			runOnlyForDeploymentPostprocessing = 0;
		};
/* End PBXCopyFilesBuildPhase section */

/* Begin PBXFileReference section */
		5E06FCB127D4DCD000214BE3 /* PlaylistItemRow.swift */ = {isa = PBXFileReference; lastKnownFileType = sourcecode.swift; path = PlaylistItemRow.swift; sourceTree = "<group>"; };
		5E431BC127D50954005016D3 /* TrackPopover.swift */ = {isa = PBXFileReference; lastKnownFileType = sourcecode.swift; path = TrackPopover.swift; sourceTree = "<group>"; };
		5E431BC327D51EC9005016D3 /* PlayerViewModelProtocol.swift */ = {isa = PBXFileReference; lastKnownFileType = sourcecode.swift; path = PlayerViewModelProtocol.swift; sourceTree = "<group>"; };
		5E431BC727D521AA005016D3 /* FakePlayerViewModel.swift */ = {isa = PBXFileReference; lastKnownFileType = sourcecode.swift; path = FakePlayerViewModel.swift; sourceTree = "<group>"; };
		5E431BC927D52C2E005016D3 /* PlayerBar.swift */ = {isa = PBXFileReference; lastKnownFileType = sourcecode.swift; path = PlayerBar.swift; sourceTree = "<group>"; };
		5E431BCB27D52CE4005016D3 /* SongLibrary.swift */ = {isa = PBXFileReference; lastKnownFileType = sourcecode.swift; path = SongLibrary.swift; sourceTree = "<group>"; };
		5E693B4B27D3C14C00EAA678 /* Player.swift */ = {isa = PBXFileReference; lastKnownFileType = sourcecode.swift; path = Player.swift; sourceTree = "<group>"; };
		5E693B4E27D3CDC000EAA678 /* PlayerViewModel.swift */ = {isa = PBXFileReference; lastKnownFileType = sourcecode.swift; path = PlayerViewModel.swift; sourceTree = "<group>"; };
		5E693B5227D3D10900EAA678 /* ProgressBar.swift */ = {isa = PBXFileReference; lastKnownFileType = sourcecode.swift; path = ProgressBar.swift; sourceTree = "<group>"; };
		5E693B5427D3D12E00EAA678 /* PlayButton.swift */ = {isa = PBXFileReference; lastKnownFileType = sourcecode.swift; path = PlayButton.swift; sourceTree = "<group>"; };
		5E693B5627D3D87600EAA678 /* Info.plist */ = {isa = PBXFileReference; lastKnownFileType = text.plist.xml; path = Info.plist; sourceTree = "<group>"; };
		5E693B5927D3F18900EAA678 /* BardEngine.swift */ = {isa = PBXFileReference; lastKnownFileType = sourcecode.swift; path = BardEngine.swift; sourceTree = "<group>"; };
		5E693B5D27D3F95000EAA678 /* BardController.swift */ = {isa = PBXFileReference; lastKnownFileType = sourcecode.swift; path = BardController.swift; sourceTree = "<group>"; };
		5EA3895527D2663500C4C2D3 /* GarageBard.app */ = {isa = PBXFileReference; explicitFileType = wrapper.application; includeInIndex = 0; path = GarageBard.app; sourceTree = BUILT_PRODUCTS_DIR; };
		5EA3895827D2663500C4C2D3 /* GarageBardApp.swift */ = {isa = PBXFileReference; lastKnownFileType = sourcecode.swift; path = GarageBardApp.swift; sourceTree = "<group>"; };
		5EA3895A27D2663500C4C2D3 /* ContentView.swift */ = {isa = PBXFileReference; lastKnownFileType = sourcecode.swift; path = ContentView.swift; sourceTree = "<group>"; };
		5EA3895C27D2663600C4C2D3 /* Assets.xcassets */ = {isa = PBXFileReference; lastKnownFileType = folder.assetcatalog; path = Assets.xcassets; sourceTree = "<group>"; };
		5EA3895F27D2663600C4C2D3 /* Preview Assets.xcassets */ = {isa = PBXFileReference; lastKnownFileType = folder.assetcatalog; path = "Preview Assets.xcassets"; sourceTree = "<group>"; };
		5EA3896127D2663600C4C2D3 /* GarageBard.entitlements */ = {isa = PBXFileReference; lastKnownFileType = text.plist.entitlements; path = GarageBard.entitlements; sourceTree = "<group>"; };
		5EA3896627D2663600C4C2D3 /* GarageBardTests.xctest */ = {isa = PBXFileReference; explicitFileType = wrapper.cfbundle; includeInIndex = 0; path = GarageBardTests.xctest; sourceTree = BUILT_PRODUCTS_DIR; };
		5EA3896A27D2663600C4C2D3 /* GarageBardTests.swift */ = {isa = PBXFileReference; lastKnownFileType = sourcecode.swift; path = GarageBardTests.swift; sourceTree = "<group>"; };
		5EA3897027D2663600C4C2D3 /* GarageBardUITests.xctest */ = {isa = PBXFileReference; explicitFileType = wrapper.cfbundle; includeInIndex = 0; path = GarageBardUITests.xctest; sourceTree = BUILT_PRODUCTS_DIR; };
		5EA3897427D2663600C4C2D3 /* GarageBardUITests.swift */ = {isa = PBXFileReference; lastKnownFileType = sourcecode.swift; path = GarageBardUITests.swift; sourceTree = "<group>"; };
		5EA3897627D2663600C4C2D3 /* GarageBardUITestsLaunchTests.swift */ = {isa = PBXFileReference; lastKnownFileType = sourcecode.swift; path = GarageBardUITestsLaunchTests.swift; sourceTree = "<group>"; };
		5EE9E07227D31686006F70BD /* MidiParser.xcframework */ = {isa = PBXFileReference; lastKnownFileType = wrapper.xcframework; name = MidiParser.xcframework; path = Carthage/Build/MidiParser.xcframework; sourceTree = "<group>"; };
		5EF3524727D6478C006E3A06 /* TimeFormatter.swift */ = {isa = PBXFileReference; lastKnownFileType = sourcecode.swift; path = TimeFormatter.swift; sourceTree = "<group>"; };
/* End PBXFileReference section */

/* Begin PBXFrameworksBuildPhase section */
		5EA3895227D2663500C4C2D3 /* Frameworks */ = {
			isa = PBXFrameworksBuildPhase;
			buildActionMask = 2147483647;
			files = (
				5EE9E07B27D3796B006F70BD /* AudioKitEX in Frameworks */,
				5EE9E07F27D3870B006F70BD /* DunneAudioKit in Frameworks */,
				5EE9E07827D3778F006F70BD /* AudioKit in Frameworks */,
				5EE9E07327D31686006F70BD /* MidiParser.xcframework in Frameworks */,
			);
			runOnlyForDeploymentPostprocessing = 0;
		};
		5EA3896327D2663600C4C2D3 /* Frameworks */ = {
			isa = PBXFrameworksBuildPhase;
			buildActionMask = 2147483647;
			files = (
			);
			runOnlyForDeploymentPostprocessing = 0;
		};
		5EA3896D27D2663600C4C2D3 /* Frameworks */ = {
			isa = PBXFrameworksBuildPhase;
			buildActionMask = 2147483647;
			files = (
			);
			runOnlyForDeploymentPostprocessing = 0;
		};
/* End PBXFrameworksBuildPhase section */

/* Begin PBXGroup section */
		5E431BC527D52196005016D3 /* Fakes */ = {
			isa = PBXGroup;
			children = (
				5E431BC627D5219B005016D3 /* ViewModels */,
			);
			path = Fakes;
			sourceTree = "<group>";
		};
		5E431BC627D5219B005016D3 /* ViewModels */ = {
			isa = PBXGroup;
			children = (
				5E431BC727D521AA005016D3 /* FakePlayerViewModel.swift */,
			);
			path = ViewModels;
			sourceTree = "<group>";
		};
		5E693B4A27D3C11800EAA678 /* Models */ = {
			isa = PBXGroup;
			children = (
				5E693B4B27D3C14C00EAA678 /* Player.swift */,
			);
			path = Models;
			sourceTree = "<group>";
		};
		5E693B4D27D3CDA300EAA678 /* ViewModels */ = {
			isa = PBXGroup;
			children = (
				5E693B4E27D3CDC000EAA678 /* PlayerViewModel.swift */,
				5E431BC327D51EC9005016D3 /* PlayerViewModelProtocol.swift */,
			);
			path = ViewModels;
			sourceTree = "<group>";
		};
		5E693B5027D3D09500EAA678 /* Views */ = {
			isa = PBXGroup;
			children = (
				5EA3895A27D2663500C4C2D3 /* ContentView.swift */,
			);
			path = Views;
			sourceTree = "<group>";
		};
		5E693B5127D3D0B900EAA678 /* Components */ = {
			isa = PBXGroup;
			children = (
				5E693B5227D3D10900EAA678 /* ProgressBar.swift */,
				5E693B5427D3D12E00EAA678 /* PlayButton.swift */,
				5E06FCB127D4DCD000214BE3 /* PlaylistItemRow.swift */,
				5E431BC127D50954005016D3 /* TrackPopover.swift */,
				5E431BC927D52C2E005016D3 /* PlayerBar.swift */,
				5E431BCB27D52CE4005016D3 /* SongLibrary.swift */,
			);
			path = Components;
			sourceTree = "<group>";
		};
		5E693B5827D3F17C00EAA678 /* Utils */ = {
			isa = PBXGroup;
			children = (
				5E693B5927D3F18900EAA678 /* BardEngine.swift */,
				5E693B5D27D3F95000EAA678 /* BardController.swift */,
				5EF3524727D6478C006E3A06 /* TimeFormatter.swift */,
			);
			path = Utils;
			sourceTree = "<group>";
		};
		5EA3894C27D2663500C4C2D3 = {
			isa = PBXGroup;
			children = (
				5EA3895727D2663500C4C2D3 /* GarageBard */,
				5EA3896927D2663600C4C2D3 /* GarageBardTests */,
				5EA3897327D2663600C4C2D3 /* GarageBardUITests */,
				5EA3895627D2663500C4C2D3 /* Products */,
				5EE9E07127D31686006F70BD /* Frameworks */,
			);
			sourceTree = "<group>";
		};
		5EA3895627D2663500C4C2D3 /* Products */ = {
			isa = PBXGroup;
			children = (
				5EA3895527D2663500C4C2D3 /* GarageBard.app */,
				5EA3896627D2663600C4C2D3 /* GarageBardTests.xctest */,
				5EA3897027D2663600C4C2D3 /* GarageBardUITests.xctest */,
			);
			name = Products;
			sourceTree = "<group>";
		};
		5EA3895727D2663500C4C2D3 /* GarageBard */ = {
			isa = PBXGroup;
			children = (
				5E431BC527D52196005016D3 /* Fakes */,
				5E693B5827D3F17C00EAA678 /* Utils */,
				5E693B5127D3D0B900EAA678 /* Components */,
				5E693B5027D3D09500EAA678 /* Views */,
				5E693B4D27D3CDA300EAA678 /* ViewModels */,
				5E693B4A27D3C11800EAA678 /* Models */,
				5EA3895827D2663500C4C2D3 /* GarageBardApp.swift */,
				5EA3895C27D2663600C4C2D3 /* Assets.xcassets */,
				5EA3896127D2663600C4C2D3 /* GarageBard.entitlements */,
				5EA3895E27D2663600C4C2D3 /* Preview Content */,
				5E693B5627D3D87600EAA678 /* Info.plist */,
			);
			path = GarageBard;
			sourceTree = "<group>";
		};
		5EA3895E27D2663600C4C2D3 /* Preview Content */ = {
			isa = PBXGroup;
			children = (
				5EA3895F27D2663600C4C2D3 /* Preview Assets.xcassets */,
			);
			path = "Preview Content";
			sourceTree = "<group>";
		};
		5EA3896927D2663600C4C2D3 /* GarageBardTests */ = {
			isa = PBXGroup;
			children = (
				5EA3896A27D2663600C4C2D3 /* GarageBardTests.swift */,
			);
			path = GarageBardTests;
			sourceTree = "<group>";
		};
		5EA3897327D2663600C4C2D3 /* GarageBardUITests */ = {
			isa = PBXGroup;
			children = (
				5EA3897427D2663600C4C2D3 /* GarageBardUITests.swift */,
				5EA3897627D2663600C4C2D3 /* GarageBardUITestsLaunchTests.swift */,
			);
			path = GarageBardUITests;
			sourceTree = "<group>";
		};
		5EE9E07127D31686006F70BD /* Frameworks */ = {
			isa = PBXGroup;
			children = (
				5EE9E07227D31686006F70BD /* MidiParser.xcframework */,
			);
			name = Frameworks;
			sourceTree = "<group>";
		};
/* End PBXGroup section */

/* Begin PBXNativeTarget section */
		5EA3895427D2663500C4C2D3 /* GarageBard */ = {
			isa = PBXNativeTarget;
			buildConfigurationList = 5EA3897A27D2663600C4C2D3 /* Build configuration list for PBXNativeTarget "GarageBard" */;
			buildPhases = (
				5EA3895127D2663500C4C2D3 /* Sources */,
				5EA3895227D2663500C4C2D3 /* Frameworks */,
				5EA3895327D2663500C4C2D3 /* Resources */,
				5EE9E07527D31686006F70BD /* Embed Frameworks */,
			);
			buildRules = (
			);
			dependencies = (
			);
			name = GarageBard;
			packageProductDependencies = (
				5EE9E07727D3778F006F70BD /* AudioKit */,
				5EE9E07A27D3796B006F70BD /* AudioKitEX */,
				5EE9E07E27D3870B006F70BD /* DunneAudioKit */,
			);
			productName = GarageBard;
			productReference = 5EA3895527D2663500C4C2D3 /* GarageBard.app */;
			productType = "com.apple.product-type.application";
		};
		5EA3896527D2663600C4C2D3 /* GarageBardTests */ = {
			isa = PBXNativeTarget;
			buildConfigurationList = 5EA3897D27D2663600C4C2D3 /* Build configuration list for PBXNativeTarget "GarageBardTests" */;
			buildPhases = (
				5EA3896227D2663600C4C2D3 /* Sources */,
				5EA3896327D2663600C4C2D3 /* Frameworks */,
				5EA3896427D2663600C4C2D3 /* Resources */,
			);
			buildRules = (
			);
			dependencies = (
				5EA3896827D2663600C4C2D3 /* PBXTargetDependency */,
			);
			name = GarageBardTests;
			productName = GarageBardTests;
			productReference = 5EA3896627D2663600C4C2D3 /* GarageBardTests.xctest */;
			productType = "com.apple.product-type.bundle.unit-test";
		};
		5EA3896F27D2663600C4C2D3 /* GarageBardUITests */ = {
			isa = PBXNativeTarget;
			buildConfigurationList = 5EA3898027D2663600C4C2D3 /* Build configuration list for PBXNativeTarget "GarageBardUITests" */;
			buildPhases = (
				5EA3896C27D2663600C4C2D3 /* Sources */,
				5EA3896D27D2663600C4C2D3 /* Frameworks */,
				5EA3896E27D2663600C4C2D3 /* Resources */,
			);
			buildRules = (
			);
			dependencies = (
				5EA3897227D2663600C4C2D3 /* PBXTargetDependency */,
			);
			name = GarageBardUITests;
			productName = GarageBardUITests;
			productReference = 5EA3897027D2663600C4C2D3 /* GarageBardUITests.xctest */;
			productType = "com.apple.product-type.bundle.ui-testing";
		};
/* End PBXNativeTarget section */

/* Begin PBXProject section */
		5EA3894D27D2663500C4C2D3 /* Project object */ = {
			isa = PBXProject;
			attributes = {
				BuildIndependentTargetsInParallel = 1;
				LastSwiftUpdateCheck = 1320;
				LastUpgradeCheck = 1320;
				TargetAttributes = {
					5EA3895427D2663500C4C2D3 = {
						CreatedOnToolsVersion = 13.2.1;
					};
					5EA3896527D2663600C4C2D3 = {
						CreatedOnToolsVersion = 13.2.1;
						TestTargetID = 5EA3895427D2663500C4C2D3;
					};
					5EA3896F27D2663600C4C2D3 = {
						CreatedOnToolsVersion = 13.2.1;
						TestTargetID = 5EA3895427D2663500C4C2D3;
					};
				};
			};
			buildConfigurationList = 5EA3895027D2663500C4C2D3 /* Build configuration list for PBXProject "GarageBard" */;
			compatibilityVersion = "Xcode 13.0";
			developmentRegion = en;
			hasScannedForEncodings = 0;
			knownRegions = (
				en,
				Base,
			);
			mainGroup = 5EA3894C27D2663500C4C2D3;
			packageReferences = (
				5EE9E07627D3778F006F70BD /* XCRemoteSwiftPackageReference "AudioKit" */,
				5EE9E07927D3796B006F70BD /* XCRemoteSwiftPackageReference "AudioKitEX" */,
				5EE9E07D27D3870B006F70BD /* XCRemoteSwiftPackageReference "DunneAudioKit" */,
			);
			productRefGroup = 5EA3895627D2663500C4C2D3 /* Products */;
			projectDirPath = "";
			projectRoot = "";
			targets = (
				5EA3895427D2663500C4C2D3 /* GarageBard */,
				5EA3896527D2663600C4C2D3 /* GarageBardTests */,
				5EA3896F27D2663600C4C2D3 /* GarageBardUITests */,
			);
		};
/* End PBXProject section */

/* Begin PBXResourcesBuildPhase section */
		5EA3895327D2663500C4C2D3 /* Resources */ = {
			isa = PBXResourcesBuildPhase;
			buildActionMask = 2147483647;
			files = (
				5EA3896027D2663600C4C2D3 /* Preview Assets.xcassets in Resources */,
				5EA3895D27D2663600C4C2D3 /* Assets.xcassets in Resources */,
			);
			runOnlyForDeploymentPostprocessing = 0;
		};
		5EA3896427D2663600C4C2D3 /* Resources */ = {
			isa = PBXResourcesBuildPhase;
			buildActionMask = 2147483647;
			files = (
			);
			runOnlyForDeploymentPostprocessing = 0;
		};
		5EA3896E27D2663600C4C2D3 /* Resources */ = {
			isa = PBXResourcesBuildPhase;
			buildActionMask = 2147483647;
			files = (
			);
			runOnlyForDeploymentPostprocessing = 0;
		};
/* End PBXResourcesBuildPhase section */

/* Begin PBXSourcesBuildPhase section */
		5EA3895127D2663500C4C2D3 /* Sources */ = {
			isa = PBXSourcesBuildPhase;
			buildActionMask = 2147483647;
			files = (
				5EA3895B27D2663500C4C2D3 /* ContentView.swift in Sources */,
				5E431BC427D51EC9005016D3 /* PlayerViewModelProtocol.swift in Sources */,
				5E06FCB227D4DCD000214BE3 /* PlaylistItemRow.swift in Sources */,
				5E693B4F27D3CDC000EAA678 /* PlayerViewModel.swift in Sources */,
				5E431BC827D521AA005016D3 /* FakePlayerViewModel.swift in Sources */,
				5E693B5A27D3F18900EAA678 /* BardEngine.swift in Sources */,
				5E431BCA27D52C2E005016D3 /* PlayerBar.swift in Sources */,
				5E693B5E27D3F95000EAA678 /* BardController.swift in Sources */,
				5E431BC227D50954005016D3 /* TrackPopover.swift in Sources */,
				5E693B4C27D3C14C00EAA678 /* Player.swift in Sources */,
				5E693B5327D3D10900EAA678 /* ProgressBar.swift in Sources */,
				5EA3895927D2663500C4C2D3 /* GarageBardApp.swift in Sources */,
				5E431BCC27D52CE4005016D3 /* SongLibrary.swift in Sources */,
				5EF3524827D6478C006E3A06 /* TimeFormatter.swift in Sources */,
				5E693B5527D3D12E00EAA678 /* PlayButton.swift in Sources */,
			);
			runOnlyForDeploymentPostprocessing = 0;
		};
		5EA3896227D2663600C4C2D3 /* Sources */ = {
			isa = PBXSourcesBuildPhase;
			buildActionMask = 2147483647;
			files = (
				5EA3896B27D2663600C4C2D3 /* GarageBardTests.swift in Sources */,
			);
			runOnlyForDeploymentPostprocessing = 0;
		};
		5EA3896C27D2663600C4C2D3 /* Sources */ = {
			isa = PBXSourcesBuildPhase;
			buildActionMask = 2147483647;
			files = (
				5EA3897727D2663600C4C2D3 /* GarageBardUITestsLaunchTests.swift in Sources */,
				5EA3897527D2663600C4C2D3 /* GarageBardUITests.swift in Sources */,
			);
			runOnlyForDeploymentPostprocessing = 0;
		};
/* End PBXSourcesBuildPhase section */

/* Begin PBXTargetDependency section */
		5EA3896827D2663600C4C2D3 /* PBXTargetDependency */ = {
			isa = PBXTargetDependency;
			target = 5EA3895427D2663500C4C2D3 /* GarageBard */;
			targetProxy = 5EA3896727D2663600C4C2D3 /* PBXContainerItemProxy */;
		};
		5EA3897227D2663600C4C2D3 /* PBXTargetDependency */ = {
			isa = PBXTargetDependency;
			target = 5EA3895427D2663500C4C2D3 /* GarageBard */;
			targetProxy = 5EA3897127D2663600C4C2D3 /* PBXContainerItemProxy */;
		};
/* End PBXTargetDependency section */

/* Begin XCBuildConfiguration section */
		5EA3897827D2663600C4C2D3 /* Debug */ = {
			isa = XCBuildConfiguration;
			buildSettings = {
				ALWAYS_SEARCH_USER_PATHS = NO;
				CLANG_ANALYZER_NONNULL = YES;
				CLANG_ANALYZER_NUMBER_OBJECT_CONVERSION = YES_AGGRESSIVE;
				CLANG_CXX_LANGUAGE_STANDARD = "gnu++17";
				CLANG_CXX_LIBRARY = "libc++";
				CLANG_ENABLE_MODULES = YES;
				CLANG_ENABLE_OBJC_ARC = YES;
				CLANG_ENABLE_OBJC_WEAK = YES;
				CLANG_WARN_BLOCK_CAPTURE_AUTORELEASING = YES;
				CLANG_WARN_BOOL_CONVERSION = YES;
				CLANG_WARN_COMMA = YES;
				CLANG_WARN_CONSTANT_CONVERSION = YES;
				CLANG_WARN_DEPRECATED_OBJC_IMPLEMENTATIONS = YES;
				CLANG_WARN_DIRECT_OBJC_ISA_USAGE = YES_ERROR;
				CLANG_WARN_DOCUMENTATION_COMMENTS = YES;
				CLANG_WARN_EMPTY_BODY = YES;
				CLANG_WARN_ENUM_CONVERSION = YES;
				CLANG_WARN_INFINITE_RECURSION = YES;
				CLANG_WARN_INT_CONVERSION = YES;
				CLANG_WARN_NON_LITERAL_NULL_CONVERSION = YES;
				CLANG_WARN_OBJC_IMPLICIT_RETAIN_SELF = YES;
				CLANG_WARN_OBJC_LITERAL_CONVERSION = YES;
				CLANG_WARN_OBJC_ROOT_CLASS = YES_ERROR;
				CLANG_WARN_QUOTED_INCLUDE_IN_FRAMEWORK_HEADER = YES;
				CLANG_WARN_RANGE_LOOP_ANALYSIS = YES;
				CLANG_WARN_STRICT_PROTOTYPES = YES;
				CLANG_WARN_SUSPICIOUS_MOVE = YES;
				CLANG_WARN_UNGUARDED_AVAILABILITY = YES_AGGRESSIVE;
				CLANG_WARN_UNREACHABLE_CODE = YES;
				CLANG_WARN__DUPLICATE_METHOD_MATCH = YES;
				COPY_PHASE_STRIP = NO;
				DEBUG_INFORMATION_FORMAT = dwarf;
				ENABLE_STRICT_OBJC_MSGSEND = YES;
				ENABLE_TESTABILITY = YES;
				GCC_C_LANGUAGE_STANDARD = gnu11;
				GCC_DYNAMIC_NO_PIC = NO;
				GCC_NO_COMMON_BLOCKS = YES;
				GCC_OPTIMIZATION_LEVEL = 0;
				GCC_PREPROCESSOR_DEFINITIONS = (
					"DEBUG=1",
					"$(inherited)",
				);
				GCC_WARN_64_TO_32_BIT_CONVERSION = YES;
				GCC_WARN_ABOUT_RETURN_TYPE = YES_ERROR;
				GCC_WARN_UNDECLARED_SELECTOR = YES;
				GCC_WARN_UNINITIALIZED_AUTOS = YES_AGGRESSIVE;
				GCC_WARN_UNUSED_FUNCTION = YES;
				GCC_WARN_UNUSED_VARIABLE = YES;
				MACOSX_DEPLOYMENT_TARGET = 12.1;
				MTL_ENABLE_DEBUG_INFO = INCLUDE_SOURCE;
				MTL_FAST_MATH = YES;
				ONLY_ACTIVE_ARCH = YES;
				SDKROOT = macosx;
				SWIFT_ACTIVE_COMPILATION_CONDITIONS = DEBUG;
				SWIFT_OPTIMIZATION_LEVEL = "-Onone";
			};
			name = Debug;
		};
		5EA3897927D2663600C4C2D3 /* Release */ = {
			isa = XCBuildConfiguration;
			buildSettings = {
				ALWAYS_SEARCH_USER_PATHS = NO;
				CLANG_ANALYZER_NONNULL = YES;
				CLANG_ANALYZER_NUMBER_OBJECT_CONVERSION = YES_AGGRESSIVE;
				CLANG_CXX_LANGUAGE_STANDARD = "gnu++17";
				CLANG_CXX_LIBRARY = "libc++";
				CLANG_ENABLE_MODULES = YES;
				CLANG_ENABLE_OBJC_ARC = YES;
				CLANG_ENABLE_OBJC_WEAK = YES;
				CLANG_WARN_BLOCK_CAPTURE_AUTORELEASING = YES;
				CLANG_WARN_BOOL_CONVERSION = YES;
				CLANG_WARN_COMMA = YES;
				CLANG_WARN_CONSTANT_CONVERSION = YES;
				CLANG_WARN_DEPRECATED_OBJC_IMPLEMENTATIONS = YES;
				CLANG_WARN_DIRECT_OBJC_ISA_USAGE = YES_ERROR;
				CLANG_WARN_DOCUMENTATION_COMMENTS = YES;
				CLANG_WARN_EMPTY_BODY = YES;
				CLANG_WARN_ENUM_CONVERSION = YES;
				CLANG_WARN_INFINITE_RECURSION = YES;
				CLANG_WARN_INT_CONVERSION = YES;
				CLANG_WARN_NON_LITERAL_NULL_CONVERSION = YES;
				CLANG_WARN_OBJC_IMPLICIT_RETAIN_SELF = YES;
				CLANG_WARN_OBJC_LITERAL_CONVERSION = YES;
				CLANG_WARN_OBJC_ROOT_CLASS = YES_ERROR;
				CLANG_WARN_QUOTED_INCLUDE_IN_FRAMEWORK_HEADER = YES;
				CLANG_WARN_RANGE_LOOP_ANALYSIS = YES;
				CLANG_WARN_STRICT_PROTOTYPES = YES;
				CLANG_WARN_SUSPICIOUS_MOVE = YES;
				CLANG_WARN_UNGUARDED_AVAILABILITY = YES_AGGRESSIVE;
				CLANG_WARN_UNREACHABLE_CODE = YES;
				CLANG_WARN__DUPLICATE_METHOD_MATCH = YES;
				COPY_PHASE_STRIP = NO;
				DEBUG_INFORMATION_FORMAT = "dwarf-with-dsym";
				ENABLE_NS_ASSERTIONS = NO;
				ENABLE_STRICT_OBJC_MSGSEND = YES;
				GCC_C_LANGUAGE_STANDARD = gnu11;
				GCC_NO_COMMON_BLOCKS = YES;
				GCC_WARN_64_TO_32_BIT_CONVERSION = YES;
				GCC_WARN_ABOUT_RETURN_TYPE = YES_ERROR;
				GCC_WARN_UNDECLARED_SELECTOR = YES;
				GCC_WARN_UNINITIALIZED_AUTOS = YES_AGGRESSIVE;
				GCC_WARN_UNUSED_FUNCTION = YES;
				GCC_WARN_UNUSED_VARIABLE = YES;
				MACOSX_DEPLOYMENT_TARGET = 12.1;
				MTL_ENABLE_DEBUG_INFO = NO;
				MTL_FAST_MATH = YES;
				SDKROOT = macosx;
				SWIFT_COMPILATION_MODE = wholemodule;
				SWIFT_OPTIMIZATION_LEVEL = "-O";
			};
			name = Release;
		};
		5EA3897B27D2663600C4C2D3 /* Debug */ = {
			isa = XCBuildConfiguration;
			buildSettings = {
				ASSETCATALOG_COMPILER_APPICON_NAME = AppIcon;
				ASSETCATALOG_COMPILER_GLOBAL_ACCENT_COLOR_NAME = AccentColor;
				CODE_SIGN_ENTITLEMENTS = GarageBard/GarageBard.entitlements;
				CODE_SIGN_STYLE = Automatic;
				COMBINE_HIDPI_IMAGES = YES;
				CURRENT_PROJECT_VERSION = 1;
				DEVELOPMENT_ASSET_PATHS = "\"GarageBard/Preview Content\"";
				ENABLE_PREVIEWS = YES;
				GENERATE_INFOPLIST_FILE = YES;
				INFOPLIST_FILE = GarageBard/Info.plist;
				INFOPLIST_KEY_NSHumanReadableCopyright = "";
				LD_RUNPATH_SEARCH_PATHS = (
					"$(inherited)",
					"@executable_path/../Frameworks",
				);
				MARKETING_VERSION = 1.0;
				PRODUCT_BUNDLE_IDENTIFIER = me.mitchel.GarageBard;
				PRODUCT_NAME = "$(TARGET_NAME)";
				SWIFT_EMIT_LOC_STRINGS = YES;
				SWIFT_VERSION = 5.0;
			};
			name = Debug;
		};
		5EA3897C27D2663600C4C2D3 /* Release */ = {
			isa = XCBuildConfiguration;
			buildSettings = {
				ASSETCATALOG_COMPILER_APPICON_NAME = AppIcon;
				ASSETCATALOG_COMPILER_GLOBAL_ACCENT_COLOR_NAME = AccentColor;
				CODE_SIGN_ENTITLEMENTS = GarageBard/GarageBard.entitlements;
				CODE_SIGN_STYLE = Automatic;
				COMBINE_HIDPI_IMAGES = YES;
				CURRENT_PROJECT_VERSION = 1;
				DEVELOPMENT_ASSET_PATHS = "\"GarageBard/Preview Content\"";
				ENABLE_PREVIEWS = YES;
				GENERATE_INFOPLIST_FILE = YES;
				INFOPLIST_FILE = GarageBard/Info.plist;
				INFOPLIST_KEY_NSHumanReadableCopyright = "";
				LD_RUNPATH_SEARCH_PATHS = (
					"$(inherited)",
					"@executable_path/../Frameworks",
				);
				MARKETING_VERSION = 1.0;
				PRODUCT_BUNDLE_IDENTIFIER = me.mitchel.GarageBard;
				PRODUCT_NAME = "$(TARGET_NAME)";
				SWIFT_EMIT_LOC_STRINGS = YES;
				SWIFT_VERSION = 5.0;
			};
			name = Release;
		};
		5EA3897E27D2663600C4C2D3 /* Debug */ = {
			isa = XCBuildConfiguration;
			buildSettings = {
				ALWAYS_EMBED_SWIFT_STANDARD_LIBRARIES = YES;
				BUNDLE_LOADER = "$(TEST_HOST)";
				CODE_SIGN_STYLE = Automatic;
				CURRENT_PROJECT_VERSION = 1;
				GENERATE_INFOPLIST_FILE = YES;
				MACOSX_DEPLOYMENT_TARGET = 12.1;
				MARKETING_VERSION = 1.0;
				PRODUCT_BUNDLE_IDENTIFIER = me.mitchel.GarageBardTests;
				PRODUCT_NAME = "$(TARGET_NAME)";
				SWIFT_EMIT_LOC_STRINGS = NO;
				SWIFT_VERSION = 5.0;
				TEST_HOST = "$(BUILT_PRODUCTS_DIR)/GarageBard.app/Contents/MacOS/GarageBard";
			};
			name = Debug;
		};
		5EA3897F27D2663600C4C2D3 /* Release */ = {
			isa = XCBuildConfiguration;
			buildSettings = {
				ALWAYS_EMBED_SWIFT_STANDARD_LIBRARIES = YES;
				BUNDLE_LOADER = "$(TEST_HOST)";
				CODE_SIGN_STYLE = Automatic;
				CURRENT_PROJECT_VERSION = 1;
				GENERATE_INFOPLIST_FILE = YES;
				MACOSX_DEPLOYMENT_TARGET = 12.1;
				MARKETING_VERSION = 1.0;
				PRODUCT_BUNDLE_IDENTIFIER = me.mitchel.GarageBardTests;
				PRODUCT_NAME = "$(TARGET_NAME)";
				SWIFT_EMIT_LOC_STRINGS = NO;
				SWIFT_VERSION = 5.0;
				TEST_HOST = "$(BUILT_PRODUCTS_DIR)/GarageBard.app/Contents/MacOS/GarageBard";
			};
			name = Release;
		};
		5EA3898127D2663600C4C2D3 /* Debug */ = {
			isa = XCBuildConfiguration;
			buildSettings = {
				ALWAYS_EMBED_SWIFT_STANDARD_LIBRARIES = YES;
				CODE_SIGN_STYLE = Automatic;
				CURRENT_PROJECT_VERSION = 1;
				GENERATE_INFOPLIST_FILE = YES;
				MARKETING_VERSION = 1.0;
				PRODUCT_BUNDLE_IDENTIFIER = me.mitchel.GarageBardUITests;
				PRODUCT_NAME = "$(TARGET_NAME)";
				SWIFT_EMIT_LOC_STRINGS = NO;
				SWIFT_VERSION = 5.0;
				TEST_TARGET_NAME = GarageBard;
			};
			name = Debug;
		};
		5EA3898227D2663600C4C2D3 /* Release */ = {
			isa = XCBuildConfiguration;
			buildSettings = {
				ALWAYS_EMBED_SWIFT_STANDARD_LIBRARIES = YES;
				CODE_SIGN_STYLE = Automatic;
				CURRENT_PROJECT_VERSION = 1;
				GENERATE_INFOPLIST_FILE = YES;
				MARKETING_VERSION = 1.0;
				PRODUCT_BUNDLE_IDENTIFIER = me.mitchel.GarageBardUITests;
				PRODUCT_NAME = "$(TARGET_NAME)";
				SWIFT_EMIT_LOC_STRINGS = NO;
				SWIFT_VERSION = 5.0;
				TEST_TARGET_NAME = GarageBard;
			};
			name = Release;
		};
/* End XCBuildConfiguration section */

/* Begin XCConfigurationList section */
		5EA3895027D2663500C4C2D3 /* Build configuration list for PBXProject "GarageBard" */ = {
			isa = XCConfigurationList;
			buildConfigurations = (
				5EA3897827D2663600C4C2D3 /* Debug */,
				5EA3897927D2663600C4C2D3 /* Release */,
			);
			defaultConfigurationIsVisible = 0;
			defaultConfigurationName = Release;
		};
		5EA3897A27D2663600C4C2D3 /* Build configuration list for PBXNativeTarget "GarageBard" */ = {
			isa = XCConfigurationList;
			buildConfigurations = (
				5EA3897B27D2663600C4C2D3 /* Debug */,
				5EA3897C27D2663600C4C2D3 /* Release */,
			);
			defaultConfigurationIsVisible = 0;
			defaultConfigurationName = Release;
		};
		5EA3897D27D2663600C4C2D3 /* Build configuration list for PBXNativeTarget "GarageBardTests" */ = {
			isa = XCConfigurationList;
			buildConfigurations = (
				5EA3897E27D2663600C4C2D3 /* Debug */,
				5EA3897F27D2663600C4C2D3 /* Release */,
			);
			defaultConfigurationIsVisible = 0;
			defaultConfigurationName = Release;
		};
		5EA3898027D2663600C4C2D3 /* Build configuration list for PBXNativeTarget "GarageBardUITests" */ = {
			isa = XCConfigurationList;
			buildConfigurations = (
				5EA3898127D2663600C4C2D3 /* Debug */,
				5EA3898227D2663600C4C2D3 /* Release */,
			);
			defaultConfigurationIsVisible = 0;
			defaultConfigurationName = Release;
		};
/* End XCConfigurationList section */

/* Begin XCRemoteSwiftPackageReference section */
		5EE9E07627D3778F006F70BD /* XCRemoteSwiftPackageReference "AudioKit" */ = {
			isa = XCRemoteSwiftPackageReference;
			repositoryURL = "https://github.com/AudioKit/AudioKit.git";
			requirement = {
				kind = upToNextMajorVersion;
				minimumVersion = 5.0.0;
			};
		};
		5EE9E07927D3796B006F70BD /* XCRemoteSwiftPackageReference "AudioKitEX" */ = {
			isa = XCRemoteSwiftPackageReference;
			repositoryURL = "https://github.com/AudioKit/AudioKitEX.git";
			requirement = {
				kind = upToNextMajorVersion;
				minimumVersion = 5.0.0;
			};
		};
		5EE9E07D27D3870B006F70BD /* XCRemoteSwiftPackageReference "DunneAudioKit" */ = {
			isa = XCRemoteSwiftPackageReference;
			repositoryURL = "https://github.com/AudioKit/DunneAudioKit.git";
			requirement = {
				kind = upToNextMajorVersion;
				minimumVersion = 5.0.0;
			};
		};
/* End XCRemoteSwiftPackageReference section */

/* Begin XCSwiftPackageProductDependency section */
		5EE9E07727D3778F006F70BD /* AudioKit */ = {
			isa = XCSwiftPackageProductDependency;
			package = 5EE9E07627D3778F006F70BD /* XCRemoteSwiftPackageReference "AudioKit" */;
			productName = AudioKit;
		};
		5EE9E07A27D3796B006F70BD /* AudioKitEX */ = {
			isa = XCSwiftPackageProductDependency;
			package = 5EE9E07927D3796B006F70BD /* XCRemoteSwiftPackageReference "AudioKitEX" */;
			productName = AudioKitEX;
		};
		5EE9E07E27D3870B006F70BD /* DunneAudioKit */ = {
			isa = XCSwiftPackageProductDependency;
			package = 5EE9E07D27D3870B006F70BD /* XCRemoteSwiftPackageReference "DunneAudioKit" */;
			productName = DunneAudioKit;
		};
/* End XCSwiftPackageProductDependency section */
	};
	rootObject = 5EA3894D27D2663500C4C2D3 /* Project object */;
}
