[[package]]
name = "xmltodict"
version = "0.12.0"
description = "Makes working with XML feel like you are working with JSON"
category = "main"
optional = false
python-versions = ">=2.7, !=3.0.*, !=3.1.*, !=3.2.*, !=3.3.*"

[metadata]
lock-version = "1.1"
python-versions = "^3.10"
content-hash = "cf8f23c35799cf4de409559b6390ad061308ae16a6dc657c23bf3d6346039d37"

[metadata.files]
xmltodict = [
    {file = "xmltodict-0.12.0-py2.py3-none-any.whl", hash = "sha256:8bbcb45cc982f48b2ca8fe7e7827c5d792f217ecf1792626f808bf41c3b86051"},
    {file = "xmltodict-0.12.0.tar.gz", hash = "sha256:50d8c638ed7ecb88d90561beedbf720c9b4e851a9fa6c47ebd64e99d166d8a21"},
]
